// !$*UTF8*$!
{
	archiveVersion = 1;
	classes = {
	};
	objectVersion = 56;
	objects = {

/* Begin PBXBuildFile section */
		1C68195435729EE6B23B45F8 /* Pods_Onenex_CodeTest.framework in Frameworks */ = {isa = PBXBuildFile; fileRef = 107E8F89D25360BD561AB081 /* Pods_Onenex_CodeTest.framework */; };
		83C3C47D396AC245379507D5 /* Pods_Onenex_CodeTestTests.framework in Frameworks */ = {isa = PBXBuildFile; fileRef = 2E3D3CA5EF2913306F73827F /* Pods_Onenex_CodeTestTests.framework */; };
		84840D122A2C5C7600F4B5F5 /* OverlayView.swift in Sources */ = {isa = PBXBuildFile; fileRef = 84840D112A2C5C7600F4B5F5 /* OverlayView.swift */; };
		84907FE32A29150900D42ED6 /* Collect.storyboard in Resources */ = {isa = PBXBuildFile; fileRef = 84907FE22A29150900D42ED6 /* Collect.storyboard */; };
		84907FE52A29151600D42ED6 /* Collect.swift in Sources */ = {isa = PBXBuildFile; fileRef = 84907FE42A29151600D42ED6 /* Collect.swift */; };
		84907FE72A29151F00D42ED6 /* CollectModule.swift in Sources */ = {isa = PBXBuildFile; fileRef = 84907FE62A29151F00D42ED6 /* CollectModule.swift */; };
		84907FEB2A29161A00D42ED6 /* MyPocket.storyboard in Resources */ = {isa = PBXBuildFile; fileRef = 84907FEA2A29161A00D42ED6 /* MyPocket.storyboard */; };
		84907FED2A29162800D42ED6 /* MyPocket.swift in Sources */ = {isa = PBXBuildFile; fileRef = 84907FEC2A29162800D42ED6 /* MyPocket.swift */; };
		84907FEF2A29163D00D42ED6 /* MyPocketModule.swift in Sources */ = {isa = PBXBuildFile; fileRef = 84907FEE2A29163D00D42ED6 /* MyPocketModule.swift */; };
		84907FF22A2995C300D42ED6 /* Alamofire in Frameworks */ = {isa = PBXBuildFile; productRef = 84907FF12A2995C300D42ED6 /* Alamofire */; };
		84907FF52A29960300D42ED6 /* ApiRouter.swift in Sources */ = {isa = PBXBuildFile; fileRef = 84907FF42A29960300D42ED6 /* ApiRouter.swift */; };
		84907FF72A29988A00D42ED6 /* NetworkError.swift in Sources */ = {isa = PBXBuildFile; fileRef = 84907FF62A29988A00D42ED6 /* NetworkError.swift */; };
		84907FF92A29994300D42ED6 /* NetworkService.swift in Sources */ = {isa = PBXBuildFile; fileRef = 84907FF82A29994300D42ED6 /* NetworkService.swift */; };
		84907FFC2A299B1500D42ED6 /* Alamofire+Extension.swift in Sources */ = {isa = PBXBuildFile; fileRef = 84907FFB2A299B1500D42ED6 /* Alamofire+Extension.swift */; };
		84907FFE2A299BA400D42ED6 /* PaginationResponseModel.swift in Sources */ = {isa = PBXBuildFile; fileRef = 84907FFD2A299BA400D42ED6 /* PaginationResponseModel.swift */; };
		849080012A29EAF100D42ED6 /* ArticleModel.swift in Sources */ = {isa = PBXBuildFile; fileRef = 849080002A29EAF100D42ED6 /* ArticleModel.swift */; };
		849080052A29EBA800D42ED6 /* FetchArticleServiceProtocol.swift in Sources */ = {isa = PBXBuildFile; fileRef = 849080042A29EBA800D42ED6 /* FetchArticleServiceProtocol.swift */; };
		849080072A29EBDD00D42ED6 /* FetchArticleService.swift in Sources */ = {isa = PBXBuildFile; fileRef = 849080062A29EBDD00D42ED6 /* FetchArticleService.swift */; };
		8490800A2A29EC9E00D42ED6 /* HomePresenting.swift in Sources */ = {isa = PBXBuildFile; fileRef = 849080092A29EC9E00D42ED6 /* HomePresenting.swift */; };
		8490800C2A29ECC900D42ED6 /* HomeViewDelegate.swift in Sources */ = {isa = PBXBuildFile; fileRef = 8490800B2A29ECC900D42ED6 /* HomeViewDelegate.swift */; };
		8490800E2A29ECE300D42ED6 /* Home+State.swift in Sources */ = {isa = PBXBuildFile; fileRef = 8490800D2A29ECE300D42ED6 /* Home+State.swift */; };
		849080102A29ED4500D42ED6 /* HomePresenter.swift in Sources */ = {isa = PBXBuildFile; fileRef = 8490800F2A29ED4500D42ED6 /* HomePresenter.swift */; };
		849080132A2B76BE00D42ED6 /* HomeInteracting.swift in Sources */ = {isa = PBXBuildFile; fileRef = 849080122A2B76BE00D42ED6 /* HomeInteracting.swift */; };
		849080152A2B773600D42ED6 /* HomeInteractor.swift in Sources */ = {isa = PBXBuildFile; fileRef = 849080142A2B773600D42ED6 /* HomeInteractor.swift */; };
		849080182A2BB13800D42ED6 /* LoadingPresentable.swift in Sources */ = {isa = PBXBuildFile; fileRef = 849080172A2BB13800D42ED6 /* LoadingPresentable.swift */; };
		84D433C62A2750FC0060098F /* AppDelegate.swift in Sources */ = {isa = PBXBuildFile; fileRef = 84D433C52A2750FC0060098F /* AppDelegate.swift */; };
		84D433C82A2750FC0060098F /* SceneDelegate.swift in Sources */ = {isa = PBXBuildFile; fileRef = 84D433C72A2750FC0060098F /* SceneDelegate.swift */; };
		84D433CA2A2750FC0060098F /* ViewController.swift in Sources */ = {isa = PBXBuildFile; fileRef = 84D433C92A2750FC0060098F /* ViewController.swift */; };
		84D433CD2A2750FC0060098F /* Main.storyboard in Resources */ = {isa = PBXBuildFile; fileRef = 84D433CB2A2750FC0060098F /* Main.storyboard */; };
		84D433CF2A2750FF0060098F /* Assets.xcassets in Resources */ = {isa = PBXBuildFile; fileRef = 84D433CE2A2750FF0060098F /* Assets.xcassets */; };
		84D433D22A2750FF0060098F /* LaunchScreen.storyboard in Resources */ = {isa = PBXBuildFile; fileRef = 84D433D02A2750FF0060098F /* LaunchScreen.storyboard */; };
		84D433DD2A2750FF0060098F /* Onenex_CodeTestTests.swift in Sources */ = {isa = PBXBuildFile; fileRef = 84D433DC2A2750FF0060098F /* Onenex_CodeTestTests.swift */; };
		84D433E72A2750FF0060098F /* Onenex_CodeTestUITests.swift in Sources */ = {isa = PBXBuildFile; fileRef = 84D433E62A2750FF0060098F /* Onenex_CodeTestUITests.swift */; };
		84D433E92A2750FF0060098F /* Onenex_CodeTestUITestsLaunchTests.swift in Sources */ = {isa = PBXBuildFile; fileRef = 84D433E82A2750FF0060098F /* Onenex_CodeTestUITestsLaunchTests.swift */; };
		84D433F82A2755020060098F /* Home.storyboard in Resources */ = {isa = PBXBuildFile; fileRef = 84D433F72A2755020060098F /* Home.storyboard */; };
		84D433FA2A27550E0060098F /* Home.swift in Sources */ = {isa = PBXBuildFile; fileRef = 84D433F92A27550E0060098F /* Home.swift */; };
		84D433FC2A27552B0060098F /* HomeModule.swift in Sources */ = {isa = PBXBuildFile; fileRef = 84D433FB2A27552B0060098F /* HomeModule.swift */; };
		84D434002A27B7D70060098F /* Discover.storyboard in Resources */ = {isa = PBXBuildFile; fileRef = 84D433FF2A27B7D70060098F /* Discover.storyboard */; };
		84D434022A27B7E30060098F /* Discover.swift in Sources */ = {isa = PBXBuildFile; fileRef = 84D434012A27B7E30060098F /* Discover.swift */; };
		84D434042A27B7F00060098F /* DiscoverModule.swift in Sources */ = {isa = PBXBuildFile; fileRef = 84D434032A27B7F00060098F /* DiscoverModule.swift */; };
		84D434092A27BBAF0060098F /* CustomTabbarController.swift in Sources */ = {isa = PBXBuildFile; fileRef = 84D434082A27BBAF0060098F /* CustomTabbarController.swift */; };
		84D4340B2A27BD020060098F /* CustomTabbarController.storyboard in Resources */ = {isa = PBXBuildFile; fileRef = 84D4340A2A27BD020060098F /* CustomTabbarController.storyboard */; };
		84D4340F2A27C0200060098F /* CustomTabbarModule.swift in Sources */ = {isa = PBXBuildFile; fileRef = 84D4340E2A27C0200060098F /* CustomTabbarModule.swift */; };
		84D434132A283E310060098F /* CategoryCollectionViewCell.swift in Sources */ = {isa = PBXBuildFile; fileRef = 84D434112A283E310060098F /* CategoryCollectionViewCell.swift */; };
		84D434142A283E310060098F /* CategoryCollectionViewCell.xib in Resources */ = {isa = PBXBuildFile; fileRef = 84D434122A283E310060098F /* CategoryCollectionViewCell.xib */; };
		84D434182A2891AC0060098F /* BannerCollectionViewCell.swift in Sources */ = {isa = PBXBuildFile; fileRef = 84D434162A2891AC0060098F /* BannerCollectionViewCell.swift */; };
		84D434192A2891AC0060098F /* BannerCollectionViewCell.xib in Resources */ = {isa = PBXBuildFile; fileRef = 84D434172A2891AC0060098F /* BannerCollectionViewCell.xib */; };
		84D4341D2A289E020060098F /* PromotionCollectionViewCell.swift in Sources */ = {isa = PBXBuildFile; fileRef = 84D4341B2A289E020060098F /* PromotionCollectionViewCell.swift */; };
		84D4341E2A289E020060098F /* PromotionCollectionViewCell.xib in Resources */ = {isa = PBXBuildFile; fileRef = 84D4341C2A289E020060098F /* PromotionCollectionViewCell.xib */; };
		84D434222A28ED240060098F /* AnnouncementTableViewCell.swift in Sources */ = {isa = PBXBuildFile; fileRef = 84D434202A28ED240060098F /* AnnouncementTableViewCell.swift */; };
		84D434232A28ED250060098F /* AnnouncementTableViewCell.xib in Resources */ = {isa = PBXBuildFile; fileRef = 84D434212A28ED240060098F /* AnnouncementTableViewCell.xib */; };
		84D434272A28F3F00060098F /* NewsletterCollectionViewCell.swift in Sources */ = {isa = PBXBuildFile; fileRef = 84D434252A28F3F00060098F /* NewsletterCollectionViewCell.swift */; };
		84D434282A28F3F00060098F /* NewsletterCollectionViewCell.xib in Resources */ = {isa = PBXBuildFile; fileRef = 84D434262A28F3F00060098F /* NewsletterCollectionViewCell.xib */; };
		84D4342C2A29083E0060098F /* Colors.xcassets in Resources */ = {isa = PBXBuildFile; fileRef = 84D4342B2A29083E0060098F /* Colors.xcassets */; };
		FC23C0DE296E8CD3164FB4A7 /* Pods_Onenex_CodeTest_Onenex_CodeTestUITests.framework in Frameworks */ = {isa = PBXBuildFile; fileRef = 412167A1A33978E2659AE871 /* Pods_Onenex_CodeTest_Onenex_CodeTestUITests.framework */; };
/* End PBXBuildFile section */

/* Begin PBXContainerItemProxy section */
		84D433D92A2750FF0060098F /* PBXContainerItemProxy */ = {
			isa = PBXContainerItemProxy;
			containerPortal = 84D433BA2A2750FC0060098F /* Project object */;
			proxyType = 1;
			remoteGlobalIDString = 84D433C12A2750FC0060098F;
			remoteInfo = Onenex_CodeTest;
		};
		84D433E32A2750FF0060098F /* PBXContainerItemProxy */ = {
			isa = PBXContainerItemProxy;
			containerPortal = 84D433BA2A2750FC0060098F /* Project object */;
			proxyType = 1;
			remoteGlobalIDString = 84D433C12A2750FC0060098F;
			remoteInfo = Onenex_CodeTest;
		};
/* End PBXContainerItemProxy section */

/* Begin PBXFileReference section */
		0C5570D3EA1A83C48D18B0ED /* Pods-Onenex_CodeTest-Onenex_CodeTestUITests.release.xcconfig */ = {isa = PBXFileReference; includeInIndex = 1; lastKnownFileType = text.xcconfig; name = "Pods-Onenex_CodeTest-Onenex_CodeTestUITests.release.xcconfig"; path = "Target Support Files/Pods-Onenex_CodeTest-Onenex_CodeTestUITests/Pods-Onenex_CodeTest-Onenex_CodeTestUITests.release.xcconfig"; sourceTree = "<group>"; };
		107E8F89D25360BD561AB081 /* Pods_Onenex_CodeTest.framework */ = {isa = PBXFileReference; explicitFileType = wrapper.framework; includeInIndex = 0; path = Pods_Onenex_CodeTest.framework; sourceTree = BUILT_PRODUCTS_DIR; };
		1620DCBD1B8C106CCDFAF2A1 /* Pods-Onenex_CodeTest-Onenex_CodeTestUITests.debug.xcconfig */ = {isa = PBXFileReference; includeInIndex = 1; lastKnownFileType = text.xcconfig; name = "Pods-Onenex_CodeTest-Onenex_CodeTestUITests.debug.xcconfig"; path = "Target Support Files/Pods-Onenex_CodeTest-Onenex_CodeTestUITests/Pods-Onenex_CodeTest-Onenex_CodeTestUITests.debug.xcconfig"; sourceTree = "<group>"; };
		2E3D3CA5EF2913306F73827F /* Pods_Onenex_CodeTestTests.framework */ = {isa = PBXFileReference; explicitFileType = wrapper.framework; includeInIndex = 0; path = Pods_Onenex_CodeTestTests.framework; sourceTree = BUILT_PRODUCTS_DIR; };
		30299BCF1487783F0F719B0A /* Pods-Onenex_CodeTestTests.release.xcconfig */ = {isa = PBXFileReference; includeInIndex = 1; lastKnownFileType = text.xcconfig; name = "Pods-Onenex_CodeTestTests.release.xcconfig"; path = "Target Support Files/Pods-Onenex_CodeTestTests/Pods-Onenex_CodeTestTests.release.xcconfig"; sourceTree = "<group>"; };
		3492466A1503C0C216C203FF /* Pods-Onenex_CodeTest.debug.xcconfig */ = {isa = PBXFileReference; includeInIndex = 1; lastKnownFileType = text.xcconfig; name = "Pods-Onenex_CodeTest.debug.xcconfig"; path = "Target Support Files/Pods-Onenex_CodeTest/Pods-Onenex_CodeTest.debug.xcconfig"; sourceTree = "<group>"; };
		412167A1A33978E2659AE871 /* Pods_Onenex_CodeTest_Onenex_CodeTestUITests.framework */ = {isa = PBXFileReference; explicitFileType = wrapper.framework; includeInIndex = 0; path = Pods_Onenex_CodeTest_Onenex_CodeTestUITests.framework; sourceTree = BUILT_PRODUCTS_DIR; };
		46C0F8A5264EA330B305E29C /* Pods-Onenex_CodeTest.release.xcconfig */ = {isa = PBXFileReference; includeInIndex = 1; lastKnownFileType = text.xcconfig; name = "Pods-Onenex_CodeTest.release.xcconfig"; path = "Target Support Files/Pods-Onenex_CodeTest/Pods-Onenex_CodeTest.release.xcconfig"; sourceTree = "<group>"; };
		5A1A2987B3F70EEF92E21FD9 /* Pods-Onenex_CodeTestTests.debug.xcconfig */ = {isa = PBXFileReference; includeInIndex = 1; lastKnownFileType = text.xcconfig; name = "Pods-Onenex_CodeTestTests.debug.xcconfig"; path = "Target Support Files/Pods-Onenex_CodeTestTests/Pods-Onenex_CodeTestTests.debug.xcconfig"; sourceTree = "<group>"; };
		84840D112A2C5C7600F4B5F5 /* OverlayView.swift */ = {isa = PBXFileReference; lastKnownFileType = sourcecode.swift; path = OverlayView.swift; sourceTree = "<group>"; };
		84907FE22A29150900D42ED6 /* Collect.storyboard */ = {isa = PBXFileReference; lastKnownFileType = file.storyboard; path = Collect.storyboard; sourceTree = "<group>"; };
		84907FE42A29151600D42ED6 /* Collect.swift */ = {isa = PBXFileReference; lastKnownFileType = sourcecode.swift; path = Collect.swift; sourceTree = "<group>"; };
		84907FE62A29151F00D42ED6 /* CollectModule.swift */ = {isa = PBXFileReference; lastKnownFileType = sourcecode.swift; path = CollectModule.swift; sourceTree = "<group>"; };
		84907FEA2A29161A00D42ED6 /* MyPocket.storyboard */ = {isa = PBXFileReference; lastKnownFileType = file.storyboard; path = MyPocket.storyboard; sourceTree = "<group>"; };
		84907FEC2A29162800D42ED6 /* MyPocket.swift */ = {isa = PBXFileReference; lastKnownFileType = sourcecode.swift; path = MyPocket.swift; sourceTree = "<group>"; };
		84907FEE2A29163D00D42ED6 /* MyPocketModule.swift */ = {isa = PBXFileReference; lastKnownFileType = sourcecode.swift; path = MyPocketModule.swift; sourceTree = "<group>"; };
		84907FF42A29960300D42ED6 /* ApiRouter.swift */ = {isa = PBXFileReference; lastKnownFileType = sourcecode.swift; path = ApiRouter.swift; sourceTree = "<group>"; };
		84907FF62A29988A00D42ED6 /* NetworkError.swift */ = {isa = PBXFileReference; lastKnownFileType = sourcecode.swift; path = NetworkError.swift; sourceTree = "<group>"; };
		84907FF82A29994300D42ED6 /* NetworkService.swift */ = {isa = PBXFileReference; lastKnownFileType = sourcecode.swift; path = NetworkService.swift; sourceTree = "<group>"; };
		84907FFB2A299B1500D42ED6 /* Alamofire+Extension.swift */ = {isa = PBXFileReference; lastKnownFileType = sourcecode.swift; path = "Alamofire+Extension.swift"; sourceTree = "<group>"; };
		84907FFD2A299BA400D42ED6 /* PaginationResponseModel.swift */ = {isa = PBXFileReference; lastKnownFileType = sourcecode.swift; path = PaginationResponseModel.swift; sourceTree = "<group>"; };
		849080002A29EAF100D42ED6 /* ArticleModel.swift */ = {isa = PBXFileReference; lastKnownFileType = sourcecode.swift; path = ArticleModel.swift; sourceTree = "<group>"; };
		849080042A29EBA800D42ED6 /* FetchArticleServiceProtocol.swift */ = {isa = PBXFileReference; lastKnownFileType = sourcecode.swift; path = FetchArticleServiceProtocol.swift; sourceTree = "<group>"; };
		849080062A29EBDD00D42ED6 /* FetchArticleService.swift */ = {isa = PBXFileReference; lastKnownFileType = sourcecode.swift; path = FetchArticleService.swift; sourceTree = "<group>"; };
		849080092A29EC9E00D42ED6 /* HomePresenting.swift */ = {isa = PBXFileReference; lastKnownFileType = sourcecode.swift; path = HomePresenting.swift; sourceTree = "<group>"; };
		8490800B2A29ECC900D42ED6 /* HomeViewDelegate.swift */ = {isa = PBXFileReference; lastKnownFileType = sourcecode.swift; path = HomeViewDelegate.swift; sourceTree = "<group>"; };
		8490800D2A29ECE300D42ED6 /* Home+State.swift */ = {isa = PBXFileReference; lastKnownFileType = sourcecode.swift; path = "Home+State.swift"; sourceTree = "<group>"; };
		8490800F2A29ED4500D42ED6 /* HomePresenter.swift */ = {isa = PBXFileReference; lastKnownFileType = sourcecode.swift; path = HomePresenter.swift; sourceTree = "<group>"; };
		849080122A2B76BE00D42ED6 /* HomeInteracting.swift */ = {isa = PBXFileReference; lastKnownFileType = sourcecode.swift; path = HomeInteracting.swift; sourceTree = "<group>"; };
		849080142A2B773600D42ED6 /* HomeInteractor.swift */ = {isa = PBXFileReference; lastKnownFileType = sourcecode.swift; path = HomeInteractor.swift; sourceTree = "<group>"; };
		849080172A2BB13800D42ED6 /* LoadingPresentable.swift */ = {isa = PBXFileReference; lastKnownFileType = sourcecode.swift; path = LoadingPresentable.swift; sourceTree = "<group>"; };
		84D433C22A2750FC0060098F /* Onenex_CodeTest.app */ = {isa = PBXFileReference; explicitFileType = wrapper.application; includeInIndex = 0; path = Onenex_CodeTest.app; sourceTree = BUILT_PRODUCTS_DIR; };
		84D433C52A2750FC0060098F /* AppDelegate.swift */ = {isa = PBXFileReference; lastKnownFileType = sourcecode.swift; path = AppDelegate.swift; sourceTree = "<group>"; };
		84D433C72A2750FC0060098F /* SceneDelegate.swift */ = {isa = PBXFileReference; lastKnownFileType = sourcecode.swift; path = SceneDelegate.swift; sourceTree = "<group>"; };
		84D433C92A2750FC0060098F /* ViewController.swift */ = {isa = PBXFileReference; lastKnownFileType = sourcecode.swift; path = ViewController.swift; sourceTree = "<group>"; };
		84D433CC2A2750FC0060098F /* Base */ = {isa = PBXFileReference; lastKnownFileType = file.storyboard; name = Base; path = Base.lproj/Main.storyboard; sourceTree = "<group>"; };
		84D433CE2A2750FF0060098F /* Assets.xcassets */ = {isa = PBXFileReference; lastKnownFileType = folder.assetcatalog; path = Assets.xcassets; sourceTree = "<group>"; };
		84D433D12A2750FF0060098F /* Base */ = {isa = PBXFileReference; lastKnownFileType = file.storyboard; name = Base; path = Base.lproj/LaunchScreen.storyboard; sourceTree = "<group>"; };
		84D433D32A2750FF0060098F /* Info.plist */ = {isa = PBXFileReference; lastKnownFileType = text.plist.xml; path = Info.plist; sourceTree = "<group>"; };
		84D433D82A2750FF0060098F /* Onenex_CodeTestTests.xctest */ = {isa = PBXFileReference; explicitFileType = wrapper.cfbundle; includeInIndex = 0; path = Onenex_CodeTestTests.xctest; sourceTree = BUILT_PRODUCTS_DIR; };
		84D433DC2A2750FF0060098F /* Onenex_CodeTestTests.swift */ = {isa = PBXFileReference; lastKnownFileType = sourcecode.swift; path = Onenex_CodeTestTests.swift; sourceTree = "<group>"; };
		84D433E22A2750FF0060098F /* Onenex_CodeTestUITests.xctest */ = {isa = PBXFileReference; explicitFileType = wrapper.cfbundle; includeInIndex = 0; path = Onenex_CodeTestUITests.xctest; sourceTree = BUILT_PRODUCTS_DIR; };
		84D433E62A2750FF0060098F /* Onenex_CodeTestUITests.swift */ = {isa = PBXFileReference; lastKnownFileType = sourcecode.swift; path = Onenex_CodeTestUITests.swift; sourceTree = "<group>"; };
		84D433E82A2750FF0060098F /* Onenex_CodeTestUITestsLaunchTests.swift */ = {isa = PBXFileReference; lastKnownFileType = sourcecode.swift; path = Onenex_CodeTestUITestsLaunchTests.swift; sourceTree = "<group>"; };
		84D433F72A2755020060098F /* Home.storyboard */ = {isa = PBXFileReference; lastKnownFileType = file.storyboard; path = Home.storyboard; sourceTree = "<group>"; };
		84D433F92A27550E0060098F /* Home.swift */ = {isa = PBXFileReference; lastKnownFileType = sourcecode.swift; path = Home.swift; sourceTree = "<group>"; };
		84D433FB2A27552B0060098F /* HomeModule.swift */ = {isa = PBXFileReference; lastKnownFileType = sourcecode.swift; path = HomeModule.swift; sourceTree = "<group>"; };
		84D433FF2A27B7D70060098F /* Discover.storyboard */ = {isa = PBXFileReference; lastKnownFileType = file.storyboard; path = Discover.storyboard; sourceTree = "<group>"; };
		84D434012A27B7E30060098F /* Discover.swift */ = {isa = PBXFileReference; lastKnownFileType = sourcecode.swift; path = Discover.swift; sourceTree = "<group>"; };
		84D434032A27B7F00060098F /* DiscoverModule.swift */ = {isa = PBXFileReference; lastKnownFileType = sourcecode.swift; path = DiscoverModule.swift; sourceTree = "<group>"; };
		84D434082A27BBAF0060098F /* CustomTabbarController.swift */ = {isa = PBXFileReference; lastKnownFileType = sourcecode.swift; path = CustomTabbarController.swift; sourceTree = "<group>"; };
		84D4340A2A27BD020060098F /* CustomTabbarController.storyboard */ = {isa = PBXFileReference; lastKnownFileType = file.storyboard; path = CustomTabbarController.storyboard; sourceTree = "<group>"; };
		84D4340E2A27C0200060098F /* CustomTabbarModule.swift */ = {isa = PBXFileReference; lastKnownFileType = sourcecode.swift; path = CustomTabbarModule.swift; sourceTree = "<group>"; };
		84D434112A283E310060098F /* CategoryCollectionViewCell.swift */ = {isa = PBXFileReference; lastKnownFileType = sourcecode.swift; path = CategoryCollectionViewCell.swift; sourceTree = "<group>"; };
		84D434122A283E310060098F /* CategoryCollectionViewCell.xib */ = {isa = PBXFileReference; lastKnownFileType = file.xib; path = CategoryCollectionViewCell.xib; sourceTree = "<group>"; };
		84D434162A2891AC0060098F /* BannerCollectionViewCell.swift */ = {isa = PBXFileReference; lastKnownFileType = sourcecode.swift; path = BannerCollectionViewCell.swift; sourceTree = "<group>"; };
		84D434172A2891AC0060098F /* BannerCollectionViewCell.xib */ = {isa = PBXFileReference; lastKnownFileType = file.xib; path = BannerCollectionViewCell.xib; sourceTree = "<group>"; };
		84D4341B2A289E020060098F /* PromotionCollectionViewCell.swift */ = {isa = PBXFileReference; lastKnownFileType = sourcecode.swift; path = PromotionCollectionViewCell.swift; sourceTree = "<group>"; };
		84D4341C2A289E020060098F /* PromotionCollectionViewCell.xib */ = {isa = PBXFileReference; lastKnownFileType = file.xib; path = PromotionCollectionViewCell.xib; sourceTree = "<group>"; };
		84D434202A28ED240060098F /* AnnouncementTableViewCell.swift */ = {isa = PBXFileReference; lastKnownFileType = sourcecode.swift; path = AnnouncementTableViewCell.swift; sourceTree = "<group>"; };
		84D434212A28ED240060098F /* AnnouncementTableViewCell.xib */ = {isa = PBXFileReference; lastKnownFileType = file.xib; path = AnnouncementTableViewCell.xib; sourceTree = "<group>"; };
		84D434252A28F3F00060098F /* NewsletterCollectionViewCell.swift */ = {isa = PBXFileReference; lastKnownFileType = sourcecode.swift; path = NewsletterCollectionViewCell.swift; sourceTree = "<group>"; };
		84D434262A28F3F00060098F /* NewsletterCollectionViewCell.xib */ = {isa = PBXFileReference; lastKnownFileType = file.xib; path = NewsletterCollectionViewCell.xib; sourceTree = "<group>"; };
		84D4342B2A29083E0060098F /* Colors.xcassets */ = {isa = PBXFileReference; lastKnownFileType = folder.assetcatalog; path = Colors.xcassets; sourceTree = "<group>"; };
/* End PBXFileReference section */

/* Begin PBXFrameworksBuildPhase section */
		84D433BF2A2750FC0060098F /* Frameworks */ = {
			isa = PBXFrameworksBuildPhase;
			buildActionMask = 2147483647;
			files = (
				84907FF22A2995C300D42ED6 /* Alamofire in Frameworks */,
				1C68195435729EE6B23B45F8 /* Pods_Onenex_CodeTest.framework in Frameworks */,
			);
			runOnlyForDeploymentPostprocessing = 0;
		};
		84D433D52A2750FF0060098F /* Frameworks */ = {
			isa = PBXFrameworksBuildPhase;
			buildActionMask = 2147483647;
			files = (
				83C3C47D396AC245379507D5 /* Pods_Onenex_CodeTestTests.framework in Frameworks */,
			);
			runOnlyForDeploymentPostprocessing = 0;
		};
		84D433DF2A2750FF0060098F /* Frameworks */ = {
			isa = PBXFrameworksBuildPhase;
			buildActionMask = 2147483647;
			files = (
				FC23C0DE296E8CD3164FB4A7 /* Pods_Onenex_CodeTest_Onenex_CodeTestUITests.framework in Frameworks */,
			);
			runOnlyForDeploymentPostprocessing = 0;
		};
/* End PBXFrameworksBuildPhase section */

/* Begin PBXGroup section */
		4D60A680A1576DAA7691567B /* Pods */ = {
			isa = PBXGroup;
			children = (
				3492466A1503C0C216C203FF /* Pods-Onenex_CodeTest.debug.xcconfig */,
				46C0F8A5264EA330B305E29C /* Pods-Onenex_CodeTest.release.xcconfig */,
				1620DCBD1B8C106CCDFAF2A1 /* Pods-Onenex_CodeTest-Onenex_CodeTestUITests.debug.xcconfig */,
				0C5570D3EA1A83C48D18B0ED /* Pods-Onenex_CodeTest-Onenex_CodeTestUITests.release.xcconfig */,
				5A1A2987B3F70EEF92E21FD9 /* Pods-Onenex_CodeTestTests.debug.xcconfig */,
				30299BCF1487783F0F719B0A /* Pods-Onenex_CodeTestTests.release.xcconfig */,
			);
			path = Pods;
			sourceTree = "<group>";
		};
		84840D0F2A2C5C6600F4B5F5 /* CustomView */ = {
			isa = PBXGroup;
			children = (
				84840D102A2C5C6B00F4B5F5 /* OverlayView */,
			);
			path = CustomView;
			sourceTree = "<group>";
		};
		84840D102A2C5C6B00F4B5F5 /* OverlayView */ = {
			isa = PBXGroup;
			children = (
				84840D112A2C5C7600F4B5F5 /* OverlayView.swift */,
			);
			path = OverlayView;
			sourceTree = "<group>";
		};
		84907FE02A2914F900D42ED6 /* Collect */ = {
			isa = PBXGroup;
			children = (
				84907FE12A2914FE00D42ED6 /* View */,
				84907FE62A29151F00D42ED6 /* CollectModule.swift */,
			);
			path = Collect;
			sourceTree = "<group>";
		};
		84907FE12A2914FE00D42ED6 /* View */ = {
			isa = PBXGroup;
			children = (
				84907FE22A29150900D42ED6 /* Collect.storyboard */,
				84907FE42A29151600D42ED6 /* Collect.swift */,
			);
			path = View;
			sourceTree = "<group>";
		};
		84907FE82A29160C00D42ED6 /* MyPocket */ = {
			isa = PBXGroup;
			children = (
				84907FE92A29161100D42ED6 /* View */,
				84907FEE2A29163D00D42ED6 /* MyPocketModule.swift */,
			);
			path = MyPocket;
			sourceTree = "<group>";
		};
		84907FE92A29161100D42ED6 /* View */ = {
			isa = PBXGroup;
			children = (
				84907FEA2A29161A00D42ED6 /* MyPocket.storyboard */,
				84907FEC2A29162800D42ED6 /* MyPocket.swift */,
			);
			path = View;
			sourceTree = "<group>";
		};
		84907FF32A2995F200D42ED6 /* NetworkLayer */ = {
			isa = PBXGroup;
			children = (
				84907FF42A29960300D42ED6 /* ApiRouter.swift */,
				84907FF62A29988A00D42ED6 /* NetworkError.swift */,
				84907FF82A29994300D42ED6 /* NetworkService.swift */,
				84907FFD2A299BA400D42ED6 /* PaginationResponseModel.swift */,
			);
			path = NetworkLayer;
			sourceTree = "<group>";
		};
		84907FFA2A2999B100D42ED6 /* Extension */ = {
			isa = PBXGroup;
			children = (
				84907FFB2A299B1500D42ED6 /* Alamofire+Extension.swift */,
			);
			path = Extension;
			sourceTree = "<group>";
		};
		84907FFF2A29EAE600D42ED6 /* Model */ = {
			isa = PBXGroup;
			children = (
				849080002A29EAF100D42ED6 /* ArticleModel.swift */,
			);
			path = Model;
			sourceTree = "<group>";
		};
		849080022A29EB8D00D42ED6 /* Services */ = {
			isa = PBXGroup;
			children = (
				849080032A29EB9700D42ED6 /* FetchArticleListService */,
			);
			path = Services;
			sourceTree = "<group>";
		};
		849080032A29EB9700D42ED6 /* FetchArticleListService */ = {
			isa = PBXGroup;
			children = (
				849080042A29EBA800D42ED6 /* FetchArticleServiceProtocol.swift */,
				849080062A29EBDD00D42ED6 /* FetchArticleService.swift */,
			);
			path = FetchArticleListService;
			sourceTree = "<group>";
		};
		849080082A29EC9500D42ED6 /* Presenter */ = {
			isa = PBXGroup;
			children = (
				849080092A29EC9E00D42ED6 /* HomePresenting.swift */,
				8490800F2A29ED4500D42ED6 /* HomePresenter.swift */,
			);
			path = Presenter;
			sourceTree = "<group>";
		};
		849080112A2B75BA00D42ED6 /* Interactor */ = {
			isa = PBXGroup;
			children = (
				849080122A2B76BE00D42ED6 /* HomeInteracting.swift */,
				849080142A2B773600D42ED6 /* HomeInteractor.swift */,
			);
			path = Interactor;
			sourceTree = "<group>";
		};
		849080162A2BB12600D42ED6 /* Shared */ = {
			isa = PBXGroup;
			children = (
				849080172A2BB13800D42ED6 /* LoadingPresentable.swift */,
			);
			path = Shared;
			sourceTree = "<group>";
		};
		84D433B92A2750FC0060098F = {
			isa = PBXGroup;
			children = (
				84D433C42A2750FC0060098F /* Onenex_CodeTest */,
				84D433DB2A2750FF0060098F /* Onenex_CodeTestTests */,
				84D433E52A2750FF0060098F /* Onenex_CodeTestUITests */,
				84D433C32A2750FC0060098F /* Products */,
				4D60A680A1576DAA7691567B /* Pods */,
				A540CC264C3FAFA1A4657EFF /* Frameworks */,
			);
			sourceTree = "<group>";
		};
		84D433C32A2750FC0060098F /* Products */ = {
			isa = PBXGroup;
			children = (
				84D433C22A2750FC0060098F /* Onenex_CodeTest.app */,
				84D433D82A2750FF0060098F /* Onenex_CodeTestTests.xctest */,
				84D433E22A2750FF0060098F /* Onenex_CodeTestUITests.xctest */,
			);
			name = Products;
			sourceTree = "<group>";
		};
		84D433C42A2750FC0060098F /* Onenex_CodeTest */ = {
			isa = PBXGroup;
			children = (
				84840D0F2A2C5C6600F4B5F5 /* CustomView */,
				849080162A2BB12600D42ED6 /* Shared */,
				849080022A29EB8D00D42ED6 /* Services */,
				84907FFA2A2999B100D42ED6 /* Extension */,
				84907FF32A2995F200D42ED6 /* NetworkLayer */,
				84907FE82A29160C00D42ED6 /* MyPocket */,
				84907FE02A2914F900D42ED6 /* Collect */,
				84D434062A27BB900060098F /* CustomTabbarController */,
				84D433FD2A27B7C60060098F /* Discover */,
				84D433F52A2754F40060098F /* Home */,
				84D433C52A2750FC0060098F /* AppDelegate.swift */,
				84D433C72A2750FC0060098F /* SceneDelegate.swift */,
				84D433C92A2750FC0060098F /* ViewController.swift */,
				84D433CB2A2750FC0060098F /* Main.storyboard */,
				84D433CE2A2750FF0060098F /* Assets.xcassets */,
				84D433D02A2750FF0060098F /* LaunchScreen.storyboard */,
				84D433D32A2750FF0060098F /* Info.plist */,
				84D4342B2A29083E0060098F /* Colors.xcassets */,
			);
			path = Onenex_CodeTest;
			sourceTree = "<group>";
		};
		84D433DB2A2750FF0060098F /* Onenex_CodeTestTests */ = {
			isa = PBXGroup;
			children = (
				84D433DC2A2750FF0060098F /* Onenex_CodeTestTests.swift */,
			);
			path = Onenex_CodeTestTests;
			sourceTree = "<group>";
		};
		84D433E52A2750FF0060098F /* Onenex_CodeTestUITests */ = {
			isa = PBXGroup;
			children = (
				84D433E62A2750FF0060098F /* Onenex_CodeTestUITests.swift */,
				84D433E82A2750FF0060098F /* Onenex_CodeTestUITestsLaunchTests.swift */,
			);
			path = Onenex_CodeTestUITests;
			sourceTree = "<group>";
		};
		84D433F52A2754F40060098F /* Home */ = {
			isa = PBXGroup;
			children = (
				849080112A2B75BA00D42ED6 /* Interactor */,
				849080082A29EC9500D42ED6 /* Presenter */,
				84907FFF2A29EAE600D42ED6 /* Model */,
				84D433F62A2754FC0060098F /* View */,
				84D433FB2A27552B0060098F /* HomeModule.swift */,
			);
			path = Home;
			sourceTree = "<group>";
		};
		84D433F62A2754FC0060098F /* View */ = {
			isa = PBXGroup;
			children = (
				84D434102A283DFD0060098F /* cell */,
				84D433F72A2755020060098F /* Home.storyboard */,
				84D433F92A27550E0060098F /* Home.swift */,
				8490800B2A29ECC900D42ED6 /* HomeViewDelegate.swift */,
				8490800D2A29ECE300D42ED6 /* Home+State.swift */,
			);
			path = View;
			sourceTree = "<group>";
		};
		84D433FD2A27B7C60060098F /* Discover */ = {
			isa = PBXGroup;
			children = (
				84D433FE2A27B7CD0060098F /* View */,
				84D434032A27B7F00060098F /* DiscoverModule.swift */,
			);
			path = Discover;
			sourceTree = "<group>";
		};
		84D433FE2A27B7CD0060098F /* View */ = {
			isa = PBXGroup;
			children = (
				84D433FF2A27B7D70060098F /* Discover.storyboard */,
				84D434012A27B7E30060098F /* Discover.swift */,
			);
			path = View;
			sourceTree = "<group>";
		};
		84D434062A27BB900060098F /* CustomTabbarController */ = {
			isa = PBXGroup;
			children = (
				84D434072A27BB990060098F /* View */,
				84D4340E2A27C0200060098F /* CustomTabbarModule.swift */,
			);
			path = CustomTabbarController;
			sourceTree = "<group>";
		};
		84D434072A27BB990060098F /* View */ = {
			isa = PBXGroup;
			children = (
				84D434082A27BBAF0060098F /* CustomTabbarController.swift */,
				84D4340A2A27BD020060098F /* CustomTabbarController.storyboard */,
			);
			path = View;
			sourceTree = "<group>";
		};
		84D434102A283DFD0060098F /* cell */ = {
			isa = PBXGroup;
			children = (
				84D434242A28F3CA0060098F /* NewsLetterCollectionViewCell */,
				84D4341F2A28EC960060098F /* AnnouncementTableViewCell */,
				84D4341A2A289DEB0060098F /* PromotionCollectionViewCell */,
				84D434152A2891950060098F /* BannerCollectionViewCell */,
				84D434112A283E310060098F /* CategoryCollectionViewCell.swift */,
				84D434122A283E310060098F /* CategoryCollectionViewCell.xib */,
			);
			path = cell;
			sourceTree = "<group>";
		};
		84D434152A2891950060098F /* BannerCollectionViewCell */ = {
			isa = PBXGroup;
			children = (
				84D434162A2891AC0060098F /* BannerCollectionViewCell.swift */,
				84D434172A2891AC0060098F /* BannerCollectionViewCell.xib */,
			);
			path = BannerCollectionViewCell;
			sourceTree = "<group>";
		};
		84D4341A2A289DEB0060098F /* PromotionCollectionViewCell */ = {
			isa = PBXGroup;
			children = (
				84D4341B2A289E020060098F /* PromotionCollectionViewCell.swift */,
				84D4341C2A289E020060098F /* PromotionCollectionViewCell.xib */,
			);
			path = PromotionCollectionViewCell;
			sourceTree = "<group>";
		};
		84D4341F2A28EC960060098F /* AnnouncementTableViewCell */ = {
			isa = PBXGroup;
			children = (
				84D434202A28ED240060098F /* AnnouncementTableViewCell.swift */,
				84D434212A28ED240060098F /* AnnouncementTableViewCell.xib */,
			);
			path = AnnouncementTableViewCell;
			sourceTree = "<group>";
		};
		84D434242A28F3CA0060098F /* NewsLetterCollectionViewCell */ = {
			isa = PBXGroup;
			children = (
				84D434252A28F3F00060098F /* NewsletterCollectionViewCell.swift */,
				84D434262A28F3F00060098F /* NewsletterCollectionViewCell.xib */,
			);
			path = NewsLetterCollectionViewCell;
			sourceTree = "<group>";
		};
		A540CC264C3FAFA1A4657EFF /* Frameworks */ = {
			isa = PBXGroup;
			children = (
				107E8F89D25360BD561AB081 /* Pods_Onenex_CodeTest.framework */,
				412167A1A33978E2659AE871 /* Pods_Onenex_CodeTest_Onenex_CodeTestUITests.framework */,
				2E3D3CA5EF2913306F73827F /* Pods_Onenex_CodeTestTests.framework */,
			);
			name = Frameworks;
			sourceTree = "<group>";
		};
/* End PBXGroup section */

/* Begin PBXNativeTarget section */
		84D433C12A2750FC0060098F /* Onenex_CodeTest */ = {
			isa = PBXNativeTarget;
			buildConfigurationList = 84D433EC2A2750FF0060098F /* Build configuration list for PBXNativeTarget "Onenex_CodeTest" */;
			buildPhases = (
				CF3F32361DA7EDF412A71FFE /* [CP] Check Pods Manifest.lock */,
				84D433BE2A2750FC0060098F /* Sources */,
				84D433BF2A2750FC0060098F /* Frameworks */,
				84D433C02A2750FC0060098F /* Resources */,
				B5DBCABDC45F9849DA7DFD3F /* [CP] Embed Pods Frameworks */,
			);
			buildRules = (
			);
			dependencies = (
			);
			name = Onenex_CodeTest;
			packageProductDependencies = (
				84907FF12A2995C300D42ED6 /* Alamofire */,
			);
			productName = Onenex_CodeTest;
			productReference = 84D433C22A2750FC0060098F /* Onenex_CodeTest.app */;
			productType = "com.apple.product-type.application";
		};
		84D433D72A2750FF0060098F /* Onenex_CodeTestTests */ = {
			isa = PBXNativeTarget;
			buildConfigurationList = 84D433EF2A2750FF0060098F /* Build configuration list for PBXNativeTarget "Onenex_CodeTestTests" */;
			buildPhases = (
				C3F44DD0331FC901EED5B2D4 /* [CP] Check Pods Manifest.lock */,
				84D433D42A2750FF0060098F /* Sources */,
				84D433D52A2750FF0060098F /* Frameworks */,
				84D433D62A2750FF0060098F /* Resources */,
			);
			buildRules = (
			);
			dependencies = (
				84D433DA2A2750FF0060098F /* PBXTargetDependency */,
			);
			name = Onenex_CodeTestTests;
			productName = Onenex_CodeTestTests;
			productReference = 84D433D82A2750FF0060098F /* Onenex_CodeTestTests.xctest */;
			productType = "com.apple.product-type.bundle.unit-test";
		};
		84D433E12A2750FF0060098F /* Onenex_CodeTestUITests */ = {
			isa = PBXNativeTarget;
			buildConfigurationList = 84D433F22A2750FF0060098F /* Build configuration list for PBXNativeTarget "Onenex_CodeTestUITests" */;
			buildPhases = (
				39D237702747D912D2CC9917 /* [CP] Check Pods Manifest.lock */,
				84D433DE2A2750FF0060098F /* Sources */,
				84D433DF2A2750FF0060098F /* Frameworks */,
				84D433E02A2750FF0060098F /* Resources */,
				23974862F792A6C598841C96 /* [CP] Embed Pods Frameworks */,
			);
			buildRules = (
			);
			dependencies = (
				84D433E42A2750FF0060098F /* PBXTargetDependency */,
			);
			name = Onenex_CodeTestUITests;
			productName = Onenex_CodeTestUITests;
			productReference = 84D433E22A2750FF0060098F /* Onenex_CodeTestUITests.xctest */;
			productType = "com.apple.product-type.bundle.ui-testing";
		};
/* End PBXNativeTarget section */

/* Begin PBXProject section */
		84D433BA2A2750FC0060098F /* Project object */ = {
			isa = PBXProject;
			attributes = {
				BuildIndependentTargetsInParallel = 1;
				LastSwiftUpdateCheck = 1420;
				LastUpgradeCheck = 1420;
				TargetAttributes = {
					84D433C12A2750FC0060098F = {
						CreatedOnToolsVersion = 14.2;
					};
					84D433D72A2750FF0060098F = {
						CreatedOnToolsVersion = 14.2;
						TestTargetID = 84D433C12A2750FC0060098F;
					};
					84D433E12A2750FF0060098F = {
						CreatedOnToolsVersion = 14.2;
						TestTargetID = 84D433C12A2750FC0060098F;
					};
				};
			};
			buildConfigurationList = 84D433BD2A2750FC0060098F /* Build configuration list for PBXProject "Onenex_CodeTest" */;
			compatibilityVersion = "Xcode 14.0";
			developmentRegion = en;
			hasScannedForEncodings = 0;
			knownRegions = (
				en,
				Base,
			);
			mainGroup = 84D433B92A2750FC0060098F;
			packageReferences = (
				84907FF02A2995C300D42ED6 /* XCRemoteSwiftPackageReference "Alamofire" */,
			);
			productRefGroup = 84D433C32A2750FC0060098F /* Products */;
			projectDirPath = "";
			projectRoot = "";
			targets = (
				84D433C12A2750FC0060098F /* Onenex_CodeTest */,
				84D433D72A2750FF0060098F /* Onenex_CodeTestTests */,
				84D433E12A2750FF0060098F /* Onenex_CodeTestUITests */,
			);
		};
/* End PBXProject section */

/* Begin PBXResourcesBuildPhase section */
		84D433C02A2750FC0060098F /* Resources */ = {
			isa = PBXResourcesBuildPhase;
			buildActionMask = 2147483647;
			files = (
				84D433D22A2750FF0060098F /* LaunchScreen.storyboard in Resources */,
				84D434142A283E310060098F /* CategoryCollectionViewCell.xib in Resources */,
				84907FEB2A29161A00D42ED6 /* MyPocket.storyboard in Resources */,
				84D434192A2891AC0060098F /* BannerCollectionViewCell.xib in Resources */,
				84D433CF2A2750FF0060098F /* Assets.xcassets in Resources */,
				84907FE32A29150900D42ED6 /* Collect.storyboard in Resources */,
				84D434002A27B7D70060098F /* Discover.storyboard in Resources */,
				84D433CD2A2750FC0060098F /* Main.storyboard in Resources */,
				84D433F82A2755020060098F /* Home.storyboard in Resources */,
				84D4341E2A289E020060098F /* PromotionCollectionViewCell.xib in Resources */,
				84D434232A28ED250060098F /* AnnouncementTableViewCell.xib in Resources */,
				84D4342C2A29083E0060098F /* Colors.xcassets in Resources */,
				84D4340B2A27BD020060098F /* CustomTabbarController.storyboard in Resources */,
				84D434282A28F3F00060098F /* NewsletterCollectionViewCell.xib in Resources */,
			);
			runOnlyForDeploymentPostprocessing = 0;
		};
		84D433D62A2750FF0060098F /* Resources */ = {
			isa = PBXResourcesBuildPhase;
			buildActionMask = 2147483647;
			files = (
			);
			runOnlyForDeploymentPostprocessing = 0;
		};
		84D433E02A2750FF0060098F /* Resources */ = {
			isa = PBXResourcesBuildPhase;
			buildActionMask = 2147483647;
			files = (
			);
			runOnlyForDeploymentPostprocessing = 0;
		};
/* End PBXResourcesBuildPhase section */

/* Begin PBXShellScriptBuildPhase section */
		23974862F792A6C598841C96 /* [CP] Embed Pods Frameworks */ = {
			isa = PBXShellScriptBuildPhase;
			buildActionMask = 2147483647;
			files = (
			);
			inputFileListPaths = (
				"${PODS_ROOT}/Target Support Files/Pods-Onenex_CodeTest-Onenex_CodeTestUITests/Pods-Onenex_CodeTest-Onenex_CodeTestUITests-frameworks-${CONFIGURATION}-input-files.xcfilelist",
			);
			name = "[CP] Embed Pods Frameworks";
			outputFileListPaths = (
				"${PODS_ROOT}/Target Support Files/Pods-Onenex_CodeTest-Onenex_CodeTestUITests/Pods-Onenex_CodeTest-Onenex_CodeTestUITests-frameworks-${CONFIGURATION}-output-files.xcfilelist",
			);
			runOnlyForDeploymentPostprocessing = 0;
			shellPath = /bin/sh;
			shellScript = "\"${PODS_ROOT}/Target Support Files/Pods-Onenex_CodeTest-Onenex_CodeTestUITests/Pods-Onenex_CodeTest-Onenex_CodeTestUITests-frameworks.sh\"\n";
			showEnvVarsInLog = 0;
		};
		39D237702747D912D2CC9917 /* [CP] Check Pods Manifest.lock */ = {
			isa = PBXShellScriptBuildPhase;
			buildActionMask = 2147483647;
			files = (
			);
			inputFileListPaths = (
			);
			inputPaths = (
				"${PODS_PODFILE_DIR_PATH}/Podfile.lock",
				"${PODS_ROOT}/Manifest.lock",
			);
			name = "[CP] Check Pods Manifest.lock";
			outputFileListPaths = (
			);
			outputPaths = (
				"$(DERIVED_FILE_DIR)/Pods-Onenex_CodeTest-Onenex_CodeTestUITests-checkManifestLockResult.txt",
			);
			runOnlyForDeploymentPostprocessing = 0;
			shellPath = /bin/sh;
			shellScript = "diff \"${PODS_PODFILE_DIR_PATH}/Podfile.lock\" \"${PODS_ROOT}/Manifest.lock\" > /dev/null\nif [ $? != 0 ] ; then\n    # print error to STDERR\n    echo \"error: The sandbox is not in sync with the Podfile.lock. Run 'pod install' or update your CocoaPods installation.\" >&2\n    exit 1\nfi\n# This output is used by Xcode 'outputs' to avoid re-running this script phase.\necho \"SUCCESS\" > \"${SCRIPT_OUTPUT_FILE_0}\"\n";
			showEnvVarsInLog = 0;
		};
		B5DBCABDC45F9849DA7DFD3F /* [CP] Embed Pods Frameworks */ = {
			isa = PBXShellScriptBuildPhase;
			buildActionMask = 2147483647;
			files = (
			);
			inputFileListPaths = (
				"${PODS_ROOT}/Target Support Files/Pods-Onenex_CodeTest/Pods-Onenex_CodeTest-frameworks-${CONFIGURATION}-input-files.xcfilelist",
			);
			name = "[CP] Embed Pods Frameworks";
			outputFileListPaths = (
				"${PODS_ROOT}/Target Support Files/Pods-Onenex_CodeTest/Pods-Onenex_CodeTest-frameworks-${CONFIGURATION}-output-files.xcfilelist",
			);
			runOnlyForDeploymentPostprocessing = 0;
			shellPath = /bin/sh;
			shellScript = "\"${PODS_ROOT}/Target Support Files/Pods-Onenex_CodeTest/Pods-Onenex_CodeTest-frameworks.sh\"\n";
			showEnvVarsInLog = 0;
		};
		C3F44DD0331FC901EED5B2D4 /* [CP] Check Pods Manifest.lock */ = {
			isa = PBXShellScriptBuildPhase;
			buildActionMask = 2147483647;
			files = (
			);
			inputFileListPaths = (
			);
			inputPaths = (
				"${PODS_PODFILE_DIR_PATH}/Podfile.lock",
				"${PODS_ROOT}/Manifest.lock",
			);
			name = "[CP] Check Pods Manifest.lock";
			outputFileListPaths = (
			);
			outputPaths = (
				"$(DERIVED_FILE_DIR)/Pods-Onenex_CodeTestTests-checkManifestLockResult.txt",
			);
			runOnlyForDeploymentPostprocessing = 0;
			shellPath = /bin/sh;
			shellScript = "diff \"${PODS_PODFILE_DIR_PATH}/Podfile.lock\" \"${PODS_ROOT}/Manifest.lock\" > /dev/null\nif [ $? != 0 ] ; then\n    # print error to STDERR\n    echo \"error: The sandbox is not in sync with the Podfile.lock. Run 'pod install' or update your CocoaPods installation.\" >&2\n    exit 1\nfi\n# This output is used by Xcode 'outputs' to avoid re-running this script phase.\necho \"SUCCESS\" > \"${SCRIPT_OUTPUT_FILE_0}\"\n";
			showEnvVarsInLog = 0;
		};
		CF3F32361DA7EDF412A71FFE /* [CP] Check Pods Manifest.lock */ = {
			isa = PBXShellScriptBuildPhase;
			buildActionMask = 2147483647;
			files = (
			);
			inputFileListPaths = (
			);
			inputPaths = (
				"${PODS_PODFILE_DIR_PATH}/Podfile.lock",
				"${PODS_ROOT}/Manifest.lock",
			);
			name = "[CP] Check Pods Manifest.lock";
			outputFileListPaths = (
			);
			outputPaths = (
				"$(DERIVED_FILE_DIR)/Pods-Onenex_CodeTest-checkManifestLockResult.txt",
			);
			runOnlyForDeploymentPostprocessing = 0;
			shellPath = /bin/sh;
			shellScript = "diff \"${PODS_PODFILE_DIR_PATH}/Podfile.lock\" \"${PODS_ROOT}/Manifest.lock\" > /dev/null\nif [ $? != 0 ] ; then\n    # print error to STDERR\n    echo \"error: The sandbox is not in sync with the Podfile.lock. Run 'pod install' or update your CocoaPods installation.\" >&2\n    exit 1\nfi\n# This output is used by Xcode 'outputs' to avoid re-running this script phase.\necho \"SUCCESS\" > \"${SCRIPT_OUTPUT_FILE_0}\"\n";
			showEnvVarsInLog = 0;
		};
/* End PBXShellScriptBuildPhase section */

/* Begin PBXSourcesBuildPhase section */
		84D433BE2A2750FC0060098F /* Sources */ = {
			isa = PBXSourcesBuildPhase;
			buildActionMask = 2147483647;
			files = (
				8490800C2A29ECC900D42ED6 /* HomeViewDelegate.swift in Sources */,
				8490800E2A29ECE300D42ED6 /* Home+State.swift in Sources */,
				84D4340F2A27C0200060098F /* CustomTabbarModule.swift in Sources */,
				849080102A29ED4500D42ED6 /* HomePresenter.swift in Sources */,
				84907FE52A29151600D42ED6 /* Collect.swift in Sources */,
				84907FED2A29162800D42ED6 /* MyPocket.swift in Sources */,
				84840D122A2C5C7600F4B5F5 /* OverlayView.swift in Sources */,
				8490800A2A29EC9E00D42ED6 /* HomePresenting.swift in Sources */,
				84D434182A2891AC0060098F /* BannerCollectionViewCell.swift in Sources */,
				849080052A29EBA800D42ED6 /* FetchArticleServiceProtocol.swift in Sources */,
				849080182A2BB13800D42ED6 /* LoadingPresentable.swift in Sources */,
				849080132A2B76BE00D42ED6 /* HomeInteracting.swift in Sources */,
				84D433CA2A2750FC0060098F /* ViewController.swift in Sources */,
				84D433C62A2750FC0060098F /* AppDelegate.swift in Sources */,
				84D434022A27B7E30060098F /* Discover.swift in Sources */,
				84907FFE2A299BA400D42ED6 /* PaginationResponseModel.swift in Sources */,
				84D434272A28F3F00060098F /* NewsletterCollectionViewCell.swift in Sources */,
				84D433FC2A27552B0060098F /* HomeModule.swift in Sources */,
				849080012A29EAF100D42ED6 /* ArticleModel.swift in Sources */,
				84907FF72A29988A00D42ED6 /* NetworkError.swift in Sources */,
				84907FEF2A29163D00D42ED6 /* MyPocketModule.swift in Sources */,
				849080152A2B773600D42ED6 /* HomeInteractor.swift in Sources */,
				84907FF52A29960300D42ED6 /* ApiRouter.swift in Sources */,
				84907FFC2A299B1500D42ED6 /* Alamofire+Extension.swift in Sources */,
				84D434092A27BBAF0060098F /* CustomTabbarController.swift in Sources */,
				849080072A29EBDD00D42ED6 /* FetchArticleService.swift in Sources */,
				84907FF92A29994300D42ED6 /* NetworkService.swift in Sources */,
				84D434132A283E310060098F /* CategoryCollectionViewCell.swift in Sources */,
				84907FE72A29151F00D42ED6 /* CollectModule.swift in Sources */,
				84D433FA2A27550E0060098F /* Home.swift in Sources */,
				84D433C82A2750FC0060098F /* SceneDelegate.swift in Sources */,
				84D4341D2A289E020060098F /* PromotionCollectionViewCell.swift in Sources */,
				84D434042A27B7F00060098F /* DiscoverModule.swift in Sources */,
				84D434222A28ED240060098F /* AnnouncementTableViewCell.swift in Sources */,
			);
			runOnlyForDeploymentPostprocessing = 0;
		};
		84D433D42A2750FF0060098F /* Sources */ = {
			isa = PBXSourcesBuildPhase;
			buildActionMask = 2147483647;
			files = (
				84D433DD2A2750FF0060098F /* Onenex_CodeTestTests.swift in Sources */,
			);
			runOnlyForDeploymentPostprocessing = 0;
		};
		84D433DE2A2750FF0060098F /* Sources */ = {
			isa = PBXSourcesBuildPhase;
			buildActionMask = 2147483647;
			files = (
				84D433E92A2750FF0060098F /* Onenex_CodeTestUITestsLaunchTests.swift in Sources */,
				84D433E72A2750FF0060098F /* Onenex_CodeTestUITests.swift in Sources */,
			);
			runOnlyForDeploymentPostprocessing = 0;
		};
/* End PBXSourcesBuildPhase section */

/* Begin PBXTargetDependency section */
		84D433DA2A2750FF0060098F /* PBXTargetDependency */ = {
			isa = PBXTargetDependency;
			target = 84D433C12A2750FC0060098F /* Onenex_CodeTest */;
			targetProxy = 84D433D92A2750FF0060098F /* PBXContainerItemProxy */;
		};
		84D433E42A2750FF0060098F /* PBXTargetDependency */ = {
			isa = PBXTargetDependency;
			target = 84D433C12A2750FC0060098F /* Onenex_CodeTest */;
			targetProxy = 84D433E32A2750FF0060098F /* PBXContainerItemProxy */;
		};
/* End PBXTargetDependency section */

/* Begin PBXVariantGroup section */
		84D433CB2A2750FC0060098F /* Main.storyboard */ = {
			isa = PBXVariantGroup;
			children = (
				84D433CC2A2750FC0060098F /* Base */,
			);
			name = Main.storyboard;
			sourceTree = "<group>";
		};
		84D433D02A2750FF0060098F /* LaunchScreen.storyboard */ = {
			isa = PBXVariantGroup;
			children = (
				84D433D12A2750FF0060098F /* Base */,
			);
			name = LaunchScreen.storyboard;
			sourceTree = "<group>";
		};
/* End PBXVariantGroup section */

/* Begin XCBuildConfiguration section */
		84D433EA2A2750FF0060098F /* Debug */ = {
			isa = XCBuildConfiguration;
			buildSettings = {
				ALWAYS_SEARCH_USER_PATHS = NO;
				CLANG_ANALYZER_NONNULL = YES;
				CLANG_ANALYZER_NUMBER_OBJECT_CONVERSION = YES_AGGRESSIVE;
				CLANG_CXX_LANGUAGE_STANDARD = "gnu++20";
				CLANG_ENABLE_MODULES = YES;
				CLANG_ENABLE_OBJC_ARC = YES;
				CLANG_ENABLE_OBJC_WEAK = YES;
				CLANG_WARN_BLOCK_CAPTURE_AUTORELEASING = YES;
				CLANG_WARN_BOOL_CONVERSION = YES;
				CLANG_WARN_COMMA = YES;
				CLANG_WARN_CONSTANT_CONVERSION = YES;
				CLANG_WARN_DEPRECATED_OBJC_IMPLEMENTATIONS = YES;
				CLANG_WARN_DIRECT_OBJC_ISA_USAGE = YES_ERROR;
				CLANG_WARN_DOCUMENTATION_COMMENTS = YES;
				CLANG_WARN_EMPTY_BODY = YES;
				CLANG_WARN_ENUM_CONVERSION = YES;
				CLANG_WARN_INFINITE_RECURSION = YES;
				CLANG_WARN_INT_CONVERSION = YES;
				CLANG_WARN_NON_LITERAL_NULL_CONVERSION = YES;
				CLANG_WARN_OBJC_IMPLICIT_RETAIN_SELF = YES;
				CLANG_WARN_OBJC_LITERAL_CONVERSION = YES;
				CLANG_WARN_OBJC_ROOT_CLASS = YES_ERROR;
				CLANG_WARN_QUOTED_INCLUDE_IN_FRAMEWORK_HEADER = YES;
				CLANG_WARN_RANGE_LOOP_ANALYSIS = YES;
				CLANG_WARN_STRICT_PROTOTYPES = YES;
				CLANG_WARN_SUSPICIOUS_MOVE = YES;
				CLANG_WARN_UNGUARDED_AVAILABILITY = YES_AGGRESSIVE;
				CLANG_WARN_UNREACHABLE_CODE = YES;
				CLANG_WARN__DUPLICATE_METHOD_MATCH = YES;
				COPY_PHASE_STRIP = NO;
				DEBUG_INFORMATION_FORMAT = dwarf;
				ENABLE_STRICT_OBJC_MSGSEND = YES;
				ENABLE_TESTABILITY = YES;
				GCC_C_LANGUAGE_STANDARD = gnu11;
				GCC_DYNAMIC_NO_PIC = NO;
				GCC_NO_COMMON_BLOCKS = YES;
				GCC_OPTIMIZATION_LEVEL = 0;
				GCC_PREPROCESSOR_DEFINITIONS = (
					"DEBUG=1",
					"$(inherited)",
				);
				GCC_WARN_64_TO_32_BIT_CONVERSION = YES;
				GCC_WARN_ABOUT_RETURN_TYPE = YES_ERROR;
				GCC_WARN_UNDECLARED_SELECTOR = YES;
				GCC_WARN_UNINITIALIZED_AUTOS = YES_AGGRESSIVE;
				GCC_WARN_UNUSED_FUNCTION = YES;
				GCC_WARN_UNUSED_VARIABLE = YES;
				IPHONEOS_DEPLOYMENT_TARGET = 16.2;
				MTL_ENABLE_DEBUG_INFO = INCLUDE_SOURCE;
				MTL_FAST_MATH = YES;
				ONLY_ACTIVE_ARCH = YES;
				SDKROOT = iphoneos;
				SWIFT_ACTIVE_COMPILATION_CONDITIONS = DEBUG;
				SWIFT_OPTIMIZATION_LEVEL = "-Onone";
			};
			name = Debug;
		};
		84D433EB2A2750FF0060098F /* Release */ = {
			isa = XCBuildConfiguration;
			buildSettings = {
				ALWAYS_SEARCH_USER_PATHS = NO;
				CLANG_ANALYZER_NONNULL = YES;
				CLANG_ANALYZER_NUMBER_OBJECT_CONVERSION = YES_AGGRESSIVE;
				CLANG_CXX_LANGUAGE_STANDARD = "gnu++20";
				CLANG_ENABLE_MODULES = YES;
				CLANG_ENABLE_OBJC_ARC = YES;
				CLANG_ENABLE_OBJC_WEAK = YES;
				CLANG_WARN_BLOCK_CAPTURE_AUTORELEASING = YES;
				CLANG_WARN_BOOL_CONVERSION = YES;
				CLANG_WARN_COMMA = YES;
				CLANG_WARN_CONSTANT_CONVERSION = YES;
				CLANG_WARN_DEPRECATED_OBJC_IMPLEMENTATIONS = YES;
				CLANG_WARN_DIRECT_OBJC_ISA_USAGE = YES_ERROR;
				CLANG_WARN_DOCUMENTATION_COMMENTS = YES;
				CLANG_WARN_EMPTY_BODY = YES;
				CLANG_WARN_ENUM_CONVERSION = YES;
				CLANG_WARN_INFINITE_RECURSION = YES;
				CLANG_WARN_INT_CONVERSION = YES;
				CLANG_WARN_NON_LITERAL_NULL_CONVERSION = YES;
				CLANG_WARN_OBJC_IMPLICIT_RETAIN_SELF = YES;
				CLANG_WARN_OBJC_LITERAL_CONVERSION = YES;
				CLANG_WARN_OBJC_ROOT_CLASS = YES_ERROR;
				CLANG_WARN_QUOTED_INCLUDE_IN_FRAMEWORK_HEADER = YES;
				CLANG_WARN_RANGE_LOOP_ANALYSIS = YES;
				CLANG_WARN_STRICT_PROTOTYPES = YES;
				CLANG_WARN_SUSPICIOUS_MOVE = YES;
				CLANG_WARN_UNGUARDED_AVAILABILITY = YES_AGGRESSIVE;
				CLANG_WARN_UNREACHABLE_CODE = YES;
				CLANG_WARN__DUPLICATE_METHOD_MATCH = YES;
				COPY_PHASE_STRIP = NO;
				DEBUG_INFORMATION_FORMAT = "dwarf-with-dsym";
				ENABLE_NS_ASSERTIONS = NO;
				ENABLE_STRICT_OBJC_MSGSEND = YES;
				GCC_C_LANGUAGE_STANDARD = gnu11;
				GCC_NO_COMMON_BLOCKS = YES;
				GCC_WARN_64_TO_32_BIT_CONVERSION = YES;
				GCC_WARN_ABOUT_RETURN_TYPE = YES_ERROR;
				GCC_WARN_UNDECLARED_SELECTOR = YES;
				GCC_WARN_UNINITIALIZED_AUTOS = YES_AGGRESSIVE;
				GCC_WARN_UNUSED_FUNCTION = YES;
				GCC_WARN_UNUSED_VARIABLE = YES;
				IPHONEOS_DEPLOYMENT_TARGET = 16.2;
				MTL_ENABLE_DEBUG_INFO = NO;
				MTL_FAST_MATH = YES;
				SDKROOT = iphoneos;
				SWIFT_COMPILATION_MODE = wholemodule;
				SWIFT_OPTIMIZATION_LEVEL = "-O";
				VALIDATE_PRODUCT = YES;
			};
			name = Release;
		};
		84D433ED2A2750FF0060098F /* Debug */ = {
			isa = XCBuildConfiguration;
			baseConfigurationReference = 3492466A1503C0C216C203FF /* Pods-Onenex_CodeTest.debug.xcconfig */;
			buildSettings = {
				ASSETCATALOG_COMPILER_APPICON_NAME = AppIcon;
				ASSETCATALOG_COMPILER_GLOBAL_ACCENT_COLOR_NAME = AccentColor;
				CODE_SIGN_STYLE = Automatic;
				CURRENT_PROJECT_VERSION = 1;
				DEVELOPMENT_TEAM = L9267Q2T5K;
				GENERATE_INFOPLIST_FILE = YES;
				INFOPLIST_FILE = Onenex_CodeTest/Info.plist;
				INFOPLIST_KEY_UIApplicationSupportsIndirectInputEvents = YES;
				INFOPLIST_KEY_UILaunchStoryboardName = LaunchScreen;
				INFOPLIST_KEY_UIMainStoryboardFile = Main;
				INFOPLIST_KEY_UISupportedInterfaceOrientations_iPad = "UIInterfaceOrientationPortrait UIInterfaceOrientationPortraitUpsideDown UIInterfaceOrientationLandscapeLeft UIInterfaceOrientationLandscapeRight";
				INFOPLIST_KEY_UISupportedInterfaceOrientations_iPhone = "UIInterfaceOrientationPortrait UIInterfaceOrientationLandscapeLeft UIInterfaceOrientationLandscapeRight";
				LD_RUNPATH_SEARCH_PATHS = (
					"$(inherited)",
					"@executable_path/Frameworks",
				);
				MARKETING_VERSION = 1.0;
				PRODUCT_BUNDLE_IDENTIFIER = "com.zmp.Onenex-CodeTest";
				PRODUCT_NAME = "$(TARGET_NAME)";
				SWIFT_EMIT_LOC_STRINGS = YES;
				SWIFT_VERSION = 5.0;
				TARGETED_DEVICE_FAMILY = "1,2";
			};
			name = Debug;
		};
		84D433EE2A2750FF0060098F /* Release */ = {
			isa = XCBuildConfiguration;
			baseConfigurationReference = 46C0F8A5264EA330B305E29C /* Pods-Onenex_CodeTest.release.xcconfig */;
			buildSettings = {
				ASSETCATALOG_COMPILER_APPICON_NAME = AppIcon;
				ASSETCATALOG_COMPILER_GLOBAL_ACCENT_COLOR_NAME = AccentColor;
				CODE_SIGN_STYLE = Automatic;
				CURRENT_PROJECT_VERSION = 1;
				DEVELOPMENT_TEAM = L9267Q2T5K;
				GENERATE_INFOPLIST_FILE = YES;
				INFOPLIST_FILE = Onenex_CodeTest/Info.plist;
				INFOPLIST_KEY_UIApplicationSupportsIndirectInputEvents = YES;
				INFOPLIST_KEY_UILaunchStoryboardName = LaunchScreen;
				INFOPLIST_KEY_UIMainStoryboardFile = Main;
				INFOPLIST_KEY_UISupportedInterfaceOrientations_iPad = "UIInterfaceOrientationPortrait UIInterfaceOrientationPortraitUpsideDown UIInterfaceOrientationLandscapeLeft UIInterfaceOrientationLandscapeRight";
				INFOPLIST_KEY_UISupportedInterfaceOrientations_iPhone = "UIInterfaceOrientationPortrait UIInterfaceOrientationLandscapeLeft UIInterfaceOrientationLandscapeRight";
				LD_RUNPATH_SEARCH_PATHS = (
					"$(inherited)",
					"@executable_path/Frameworks",
				);
				MARKETING_VERSION = 1.0;
				PRODUCT_BUNDLE_IDENTIFIER = "com.zmp.Onenex-CodeTest";
				PRODUCT_NAME = "$(TARGET_NAME)";
				SWIFT_EMIT_LOC_STRINGS = YES;
				SWIFT_VERSION = 5.0;
				TARGETED_DEVICE_FAMILY = "1,2";
			};
			name = Release;
		};
		84D433F02A2750FF0060098F /* Debug */ = {
			isa = XCBuildConfiguration;
			baseConfigurationReference = 5A1A2987B3F70EEF92E21FD9 /* Pods-Onenex_CodeTestTests.debug.xcconfig */;
			buildSettings = {
				ALWAYS_EMBED_SWIFT_STANDARD_LIBRARIES = YES;
				BUNDLE_LOADER = "$(TEST_HOST)";
				CODE_SIGN_STYLE = Automatic;
				CURRENT_PROJECT_VERSION = 1;
				DEVELOPMENT_TEAM = L9267Q2T5K;
				GENERATE_INFOPLIST_FILE = YES;
				IPHONEOS_DEPLOYMENT_TARGET = 16.2;
				MARKETING_VERSION = 1.0;
				PRODUCT_BUNDLE_IDENTIFIER = "com.zmp.Onenex-CodeTestTests";
				PRODUCT_NAME = "$(TARGET_NAME)";
				SWIFT_EMIT_LOC_STRINGS = NO;
				SWIFT_VERSION = 5.0;
				TARGETED_DEVICE_FAMILY = "1,2";
				TEST_HOST = "$(BUILT_PRODUCTS_DIR)/Onenex_CodeTest.app/$(BUNDLE_EXECUTABLE_FOLDER_PATH)/Onenex_CodeTest";
			};
			name = Debug;
		};
		84D433F12A2750FF0060098F /* Release */ = {
			isa = XCBuildConfiguration;
			baseConfigurationReference = 30299BCF1487783F0F719B0A /* Pods-Onenex_CodeTestTests.release.xcconfig */;
			buildSettings = {
				ALWAYS_EMBED_SWIFT_STANDARD_LIBRARIES = YES;
				BUNDLE_LOADER = "$(TEST_HOST)";
				CODE_SIGN_STYLE = Automatic;
				CURRENT_PROJECT_VERSION = 1;
				DEVELOPMENT_TEAM = L9267Q2T5K;
				GENERATE_INFOPLIST_FILE = YES;
				IPHONEOS_DEPLOYMENT_TARGET = 16.2;
				MARKETING_VERSION = 1.0;
				PRODUCT_BUNDLE_IDENTIFIER = "com.zmp.Onenex-CodeTestTests";
				PRODUCT_NAME = "$(TARGET_NAME)";
				SWIFT_EMIT_LOC_STRINGS = NO;
				SWIFT_VERSION = 5.0;
				TARGETED_DEVICE_FAMILY = "1,2";
				TEST_HOST = "$(BUILT_PRODUCTS_DIR)/Onenex_CodeTest.app/$(BUNDLE_EXECUTABLE_FOLDER_PATH)/Onenex_CodeTest";
			};
			name = Release;
		};
		84D433F32A2750FF0060098F /* Debug */ = {
			isa = XCBuildConfiguration;
			baseConfigurationReference = 1620DCBD1B8C106CCDFAF2A1 /* Pods-Onenex_CodeTest-Onenex_CodeTestUITests.debug.xcconfig */;
			buildSettings = {
				ALWAYS_EMBED_SWIFT_STANDARD_LIBRARIES = YES;
				CODE_SIGN_STYLE = Automatic;
				CURRENT_PROJECT_VERSION = 1;
				DEVELOPMENT_TEAM = L9267Q2T5K;
				GENERATE_INFOPLIST_FILE = YES;
				MARKETING_VERSION = 1.0;
				PRODUCT_BUNDLE_IDENTIFIER = "com.zmp.Onenex-CodeTestUITests";
				PRODUCT_NAME = "$(TARGET_NAME)";
				SWIFT_EMIT_LOC_STRINGS = NO;
				SWIFT_VERSION = 5.0;
				TARGETED_DEVICE_FAMILY = "1,2";
				TEST_TARGET_NAME = Onenex_CodeTest;
			};
			name = Debug;
		};
		84D433F42A2750FF0060098F /* Release */ = {
			isa = XCBuildConfiguration;
			baseConfigurationReference = 0C5570D3EA1A83C48D18B0ED /* Pods-Onenex_CodeTest-Onenex_CodeTestUITests.release.xcconfig */;
			buildSettings = {
				ALWAYS_EMBED_SWIFT_STANDARD_LIBRARIES = YES;
				CODE_SIGN_STYLE = Automatic;
				CURRENT_PROJECT_VERSION = 1;
				DEVELOPMENT_TEAM = L9267Q2T5K;
				GENERATE_INFOPLIST_FILE = YES;
				MARKETING_VERSION = 1.0;
				PRODUCT_BUNDLE_IDENTIFIER = "com.zmp.Onenex-CodeTestUITests";
				PRODUCT_NAME = "$(TARGET_NAME)";
				SWIFT_EMIT_LOC_STRINGS = NO;
				SWIFT_VERSION = 5.0;
				TARGETED_DEVICE_FAMILY = "1,2";
				TEST_TARGET_NAME = Onenex_CodeTest;
			};
			name = Release;
		};
/* End XCBuildConfiguration section */

/* Begin XCConfigurationList section */
		84D433BD2A2750FC0060098F /* Build configuration list for PBXProject "Onenex_CodeTest" */ = {
			isa = XCConfigurationList;
			buildConfigurations = (
				84D433EA2A2750FF0060098F /* Debug */,
				84D433EB2A2750FF0060098F /* Release */,
			);
			defaultConfigurationIsVisible = 0;
			defaultConfigurationName = Release;
		};
		84D433EC2A2750FF0060098F /* Build configuration list for PBXNativeTarget "Onenex_CodeTest" */ = {
			isa = XCConfigurationList;
			buildConfigurations = (
				84D433ED2A2750FF0060098F /* Debug */,
				84D433EE2A2750FF0060098F /* Release */,
			);
			defaultConfigurationIsVisible = 0;
			defaultConfigurationName = Release;
		};
		84D433EF2A2750FF0060098F /* Build configuration list for PBXNativeTarget "Onenex_CodeTestTests" */ = {
			isa = XCConfigurationList;
			buildConfigurations = (
				84D433F02A2750FF0060098F /* Debug */,
				84D433F12A2750FF0060098F /* Release */,
			);
			defaultConfigurationIsVisible = 0;
			defaultConfigurationName = Release;
		};
		84D433F22A2750FF0060098F /* Build configuration list for PBXNativeTarget "Onenex_CodeTestUITests" */ = {
			isa = XCConfigurationList;
			buildConfigurations = (
				84D433F32A2750FF0060098F /* Debug */,
				84D433F42A2750FF0060098F /* Release */,
			);
			defaultConfigurationIsVisible = 0;
			defaultConfigurationName = Release;
		};
/* End XCConfigurationList section */

/* Begin XCRemoteSwiftPackageReference section */
		84907FF02A2995C300D42ED6 /* XCRemoteSwiftPackageReference "Alamofire" */ = {
			isa = XCRemoteSwiftPackageReference;
			repositoryURL = "https://github.com/Alamofire/Alamofire.git";
			requirement = {
				branch = master;
				kind = branch;
			};
		};
/* End XCRemoteSwiftPackageReference section */

/* Begin XCSwiftPackageProductDependency section */
		84907FF12A2995C300D42ED6 /* Alamofire */ = {
			isa = XCSwiftPackageProductDependency;
			package = 84907FF02A2995C300D42ED6 /* XCRemoteSwiftPackageReference "Alamofire" */;
			productName = Alamofire;
		};
/* End XCSwiftPackageProductDependency section */
	};
	rootObject = 84D433BA2A2750FC0060098F /* Project object */;
}
